
Microsoft Visual Studio Solution File, Format Version 12.00
# Visual Studio 15
VisualStudioVersion = 15.0.27130.2036
MinimumVisualStudioVersion = 10.0.40219.1
Project("{9A19103F-16F7-4668-BE54-9A1E7A4F7556}") = "InternetStandards.oEmbed", "InternetStandards.oEmbed\InternetStandards.oEmbed.csproj", "{89807458-3B75-4497-BAE0-B5D976FA748F}"
EndProject
Global
	GlobalSection(SolutionConfigurationPlatforms) = preSolution
		Debug|Any CPU = Debug|Any CPU
		Release|Any CPU = Release|Any CPU
	EndGlobalSection
	GlobalSection(ProjectConfigurationPlatforms) = postSolution
		{89807458-3B75-4497-BAE0-B5D976FA748F}.Debug|Any CPU.ActiveCfg = Debug|Any CPU
		{89807458-3B75-4497-BAE0-B5D976FA748F}.Debug|Any CPU.Build.0 = Debug|Any CPU
		{89807458-3B75-4497-BAE0-B5D976FA748F}.Release|Any CPU.ActiveCfg = Release|Any CPU
		{89807458-3B75-4497-BAE0-B5D976FA748F}.Release|Any CPU.Build.0 = Release|Any CPU
	EndGlobalSection
	GlobalSection(SolutionProperties) = preSolution
		HideSolutionNode = FALSE
	EndGlobalSection
	GlobalSection(ExtensibilityGlobals) = postSolution
		SolutionGuid = {6DE9F692-657C-4C40-9F68-6F694A8FE929}
	EndGlobalSection
EndGlobal
